
Microsoft Visual Studio Solution File, Format Version 12.00
# Visual Studio 15
VisualStudioVersion = 15.0.28307.271
MinimumVisualStudioVersion = 10.0.40219.1
Project("{9A19103F-16F7-4668-BE54-9A1E7A4F7556}") = "MvcVirtualPets", "MvcVirtualPets\MvcVirtualPets.csproj", "{67C4D7DF-193D-4B1E-AA26-2713935C6A1E}"
EndProject
Project("{FAE04EC0-301F-11D3-BF4B-00C04F79EFBC}") = "MvcVirtualPets.Tests", "MvcVirtualPets.Tests\MvcVirtualPets.Tests.csproj", "{FF660FBD-A29F-467C-A28E-46BC02358A49}"
EndProject
Global
	GlobalSection(SolutionConfigurationPlatforms) = preSolution
		Debug|Any CPU = Debug|Any CPU
		Release|Any CPU = Release|Any CPU
	EndGlobalSection
	GlobalSection(ProjectConfigurationPlatforms) = postSolution
		{67C4D7DF-193D-4B1E-AA26-2713935C6A1E}.Debug|Any CPU.ActiveCfg = Debug|Any CPU
		{67C4D7DF-193D-4B1E-AA26-2713935C6A1E}.Debug|Any CPU.Build.0 = Debug|Any CPU
		{67C4D7DF-193D-4B1E-AA26-2713935C6A1E}.Release|Any CPU.ActiveCfg = Release|Any CPU
		{67C4D7DF-193D-4B1E-AA26-2713935C6A1E}.Release|Any CPU.Build.0 = Release|Any CPU
		{FF660FBD-A29F-467C-A28E-46BC02358A49}.Debug|Any CPU.ActiveCfg = Debug|Any CPU
		{FF660FBD-A29F-467C-A28E-46BC02358A49}.Debug|Any CPU.Build.0 = Debug|Any CPU
		{FF660FBD-A29F-467C-A28E-46BC02358A49}.Release|Any CPU.ActiveCfg = Release|Any CPU
		{FF660FBD-A29F-467C-A28E-46BC02358A49}.Release|Any CPU.Build.0 = Release|Any CPU
	EndGlobalSection
	GlobalSection(SolutionProperties) = preSolution
		HideSolutionNode = FALSE
	EndGlobalSection
	GlobalSection(ExtensibilityGlobals) = postSolution
		SolutionGuid = {FBAB5776-517D-4395-9937-A241DEABA10E}
	EndGlobalSection
EndGlobal
